
Microsoft Visual Studio Solution File, Format Version 12.00
# Visual Studio Version 16
VisualStudioVersion = 16.0.31911.196
MinimumVisualStudioVersion = 10.0.40219.1
Project("{FAE04EC0-301F-11D3-BF4B-00C04F79EFBC}") = "projetoWP", "projetoWP\projetoWP.csproj", "{907E2C1A-6312-406E-BCB3-0FF7FCB5C884}"
EndProject
Project("{FAE04EC0-301F-11D3-BF4B-00C04F79EFBC}") = "CamadaDeApresentacao", "CamadaDeApresentacao\CamadaDeApresentacao.csproj", "{7A28DC3C-9434-4B48-BA2E-62F4F2E1149C}"
EndProject
Project("{FAE04EC0-301F-11D3-BF4B-00C04F79EFBC}") = "CamadaNegocios", "CamadaNegocios\CamadaNegocios.csproj", "{50918C26-F04E-4535-9725-401913F666A2}"
EndProject
Project("{FAE04EC0-301F-11D3-BF4B-00C04F79EFBC}") = "CamadaDeDados", "CamadaDeDados\CamadaDeDados.csproj", "{349DCCA3-6892-43D1-A84E-04DE42A1899E}"
EndProject
Global
	GlobalSection(SolutionConfigurationPlatforms) = preSolution
		Debug|Any CPU = Debug|Any CPU
		Release|Any CPU = Release|Any CPU
	EndGlobalSection
	GlobalSection(ProjectConfigurationPlatforms) = postSolution
		{907E2C1A-6312-406E-BCB3-0FF7FCB5C884}.Debug|Any CPU.ActiveCfg = Debug|Any CPU
		{907E2C1A-6312-406E-BCB3-0FF7FCB5C884}.Debug|Any CPU.Build.0 = Debug|Any CPU
		{907E2C1A-6312-406E-BCB3-0FF7FCB5C884}.Release|Any CPU.ActiveCfg = Release|Any CPU
		{907E2C1A-6312-406E-BCB3-0FF7FCB5C884}.Release|Any CPU.Build.0 = Release|Any CPU
		{7A28DC3C-9434-4B48-BA2E-62F4F2E1149C}.Debug|Any CPU.ActiveCfg = Debug|Any CPU
		{7A28DC3C-9434-4B48-BA2E-62F4F2E1149C}.Debug|Any CPU.Build.0 = Debug|Any CPU
		{7A28DC3C-9434-4B48-BA2E-62F4F2E1149C}.Release|Any CPU.ActiveCfg = Release|Any CPU
		{7A28DC3C-9434-4B48-BA2E-62F4F2E1149C}.Release|Any CPU.Build.0 = Release|Any CPU
		{50918C26-F04E-4535-9725-401913F666A2}.Debug|Any CPU.ActiveCfg = Debug|Any CPU
		{50918C26-F04E-4535-9725-401913F666A2}.Debug|Any CPU.Build.0 = Debug|Any CPU
		{50918C26-F04E-4535-9725-401913F666A2}.Release|Any CPU.ActiveCfg = Release|Any CPU
		{50918C26-F04E-4535-9725-401913F666A2}.Release|Any CPU.Build.0 = Release|Any CPU
		{349DCCA3-6892-43D1-A84E-04DE42A1899E}.Debug|Any CPU.ActiveCfg = Debug|Any CPU
		{349DCCA3-6892-43D1-A84E-04DE42A1899E}.Debug|Any CPU.Build.0 = Debug|Any CPU
		{349DCCA3-6892-43D1-A84E-04DE42A1899E}.Release|Any CPU.ActiveCfg = Release|Any CPU
		{349DCCA3-6892-43D1-A84E-04DE42A1899E}.Release|Any CPU.Build.0 = Release|Any CPU
	EndGlobalSection
	GlobalSection(SolutionProperties) = preSolution
		HideSolutionNode = FALSE
	EndGlobalSection
	GlobalSection(ExtensibilityGlobals) = postSolution
		SolutionGuid = {4C98A100-8456-4A1A-A20D-98C01DE676EF}
	EndGlobalSection
EndGlobal
